
Microsoft Visual Studio Solution File, Format Version 12.00
# Visual Studio Version 16
VisualStudioVersion = 16.0.30002.166
MinimumVisualStudioVersion = 10.0.40219.1
Project("{FAE04EC0-301F-11D3-BF4B-00C04F79EFBC}") = "OrderManagerDB", "OrderManagerDB.csproj", "{62C0344C-526A-4EA5-9522-94FC7E4FBC78}"
EndProject
Global
	GlobalSection(SolutionConfigurationPlatforms) = preSolution
		Debug|Any CPU = Debug|Any CPU
		Release|Any CPU = Release|Any CPU
	EndGlobalSection
	GlobalSection(ProjectConfigurationPlatforms) = postSolution
		{62C0344C-526A-4EA5-9522-94FC7E4FBC78}.Debug|Any CPU.ActiveCfg = Debug|Any CPU
		{62C0344C-526A-4EA5-9522-94FC7E4FBC78}.Debug|Any CPU.Build.0 = Debug|Any CPU
		{62C0344C-526A-4EA5-9522-94FC7E4FBC78}.Release|Any CPU.ActiveCfg = Release|Any CPU
		{62C0344C-526A-4EA5-9522-94FC7E4FBC78}.Release|Any CPU.Build.0 = Release|Any CPU
	EndGlobalSection
	GlobalSection(SolutionProperties) = preSolution
		HideSolutionNode = FALSE
	EndGlobalSection
	GlobalSection(ExtensibilityGlobals) = postSolution
		SolutionGuid = {B7DA8369-CA46-49CE-9F9B-BBDDACA4625F}
	EndGlobalSection
EndGlobal
